
Microsoft Visual Studio Solution File, Format Version 12.00
# Visual Studio Version 16
VisualStudioVersion = 16.0.32228.343
MinimumVisualStudioVersion = 10.0.40219.1
Project("{9A19103F-16F7-4668-BE54-9A1E7A4F7556}") = "ControleFinanceiro.API", "ControleFinanceiro.API\ControleFinanceiro.API.csproj", "{6F6FA3B0-D3DC-4903-97DA-7A24D2964E1A}"
EndProject
Project("{FAE04EC0-301F-11D3-BF4B-00C04F79EFBC}") = "ControleFinanceiro.BLL", "..\ControleFinanceiro.BLL\ControleFinanceiro.BLL.csproj", "{A67E1091-8681-4D92-8250-64311495C25E}"
EndProject
Project("{FAE04EC0-301F-11D3-BF4B-00C04F79EFBC}") = "ControleFinanceiro.DAL", "..\ControleFinanceiro.DAL\ControleFinanceiro.DAL.csproj", "{8A8183A8-1738-4186-B249-2A4FC0C1C2CF}"
EndProject
Global
	GlobalSection(SolutionConfigurationPlatforms) = preSolution
		Debug|Any CPU = Debug|Any CPU
		Release|Any CPU = Release|Any CPU
	EndGlobalSection
	GlobalSection(ProjectConfigurationPlatforms) = postSolution
		{6F6FA3B0-D3DC-4903-97DA-7A24D2964E1A}.Debug|Any CPU.ActiveCfg = Debug|Any CPU
		{6F6FA3B0-D3DC-4903-97DA-7A24D2964E1A}.Debug|Any CPU.Build.0 = Debug|Any CPU
		{6F6FA3B0-D3DC-4903-97DA-7A24D2964E1A}.Release|Any CPU.ActiveCfg = Release|Any CPU
		{6F6FA3B0-D3DC-4903-97DA-7A24D2964E1A}.Release|Any CPU.Build.0 = Release|Any CPU
		{A67E1091-8681-4D92-8250-64311495C25E}.Debug|Any CPU.ActiveCfg = Debug|Any CPU
		{A67E1091-8681-4D92-8250-64311495C25E}.Debug|Any CPU.Build.0 = Debug|Any CPU
		{A67E1091-8681-4D92-8250-64311495C25E}.Release|Any CPU.ActiveCfg = Release|Any CPU
		{A67E1091-8681-4D92-8250-64311495C25E}.Release|Any CPU.Build.0 = Release|Any CPU
		{8A8183A8-1738-4186-B249-2A4FC0C1C2CF}.Debug|Any CPU.ActiveCfg = Debug|Any CPU
		{8A8183A8-1738-4186-B249-2A4FC0C1C2CF}.Debug|Any CPU.Build.0 = Debug|Any CPU
		{8A8183A8-1738-4186-B249-2A4FC0C1C2CF}.Release|Any CPU.ActiveCfg = Release|Any CPU
		{8A8183A8-1738-4186-B249-2A4FC0C1C2CF}.Release|Any CPU.Build.0 = Release|Any CPU
	EndGlobalSection
	GlobalSection(SolutionProperties) = preSolution
		HideSolutionNode = FALSE
	EndGlobalSection
	GlobalSection(ExtensibilityGlobals) = postSolution
		SolutionGuid = {191623C8-42D3-49AF-81EF-4210EE0EF89A}
	EndGlobalSection
EndGlobal
